{
    "_meta": {
        "hash": {
            "sha256": "99597000eb987483689e86a12bda5c63127a9770f9d09c3dd55e46ec19be039b"
        },
        "pipfile-spec": 6,
        "requires": {
            "python_version": "3.13"
        },
        "sources": [
            {
                "name": "pypi",
                "url": "https://pypi.org/simple",
                "verify_ssl": true
            }
        ]
    },
    "default": {
        "certifi": {
            "hashes": [
                "sha256:0f212c2744a9bb6de0c56639a6f68afe01ecd92d91f14ae897c4fe7bbeeef0de",
                "sha256:47c09d31ccf2acf0be3f701ea53595ee7e0b8fa08801c6624be771df09ae7b43"
            ],
            "index": "pypi",
            "markers": "python_version >= '3.7'",
            "version": "==2025.10.5"
        },
        "numpy": {
            "hashes": [
                "sha256:035796aaaddfe2f9664b9a9372f089cfc88bd795a67bd1bfe15e6e770934cf64",
                "sha256:043885b4f7e6e232d7df4f51ffdef8c36320ee9d5f227b380ea636722c7ed12e",
                "sha256:04a69abe45b49c5955923cf2c407843d1c85013b424ae8a560bba16c92fe44a0",
                "sha256:0f2bcc76f1e05e5ab58893407c63d90b2029908fa41f9f1cc51eecce936c3365",
                "sha256:13b9062e4f5c7ee5c7e5be96f29ba71bc5a37fed3d1d77c37390ae00724d296d",
                "sha256:15eea9f306b98e0be91eb344a94c0e630689ef302e10c2ce5f7e11905c704f9c",
                "sha256:15fb27364ed84114438fff8aaf998c9e19adbeba08c0b75409f8c452a8692c52",
                "sha256:1b219560ae2c1de48ead517d085bc2d05b9433f8e49d0955c82e8cd37bd7bf36",
                "sha256:22758999b256b595cf0b1d102b133bb61866ba5ceecf15f759623b64c020c9ec",
                "sha256:2ec646892819370cf3558f518797f16597b4e4669894a2ba712caccc9da53f1f",
                "sha256:3634093d0b428e6c32c3a69b78e554f0cd20ee420dcad5a9f3b2a63762ce4197",
                "sha256:36dc13af226aeab72b7abad501d370d606326a0029b9f435eacb3b8c94b8a8b7",
                "sha256:3da3491cee49cf16157e70f607c03a217ea6647b1cea4819c4f48e53d49139b9",
                "sha256:40cc556d5abbc54aabe2b1ae287042d7bdb80c08edede19f0c0afb36ae586f37",
                "sha256:4121c5beb58a7f9e6dfdee612cb24f4df5cd4db6e8261d7f4d7450a997a65d6a",
                "sha256:4635239814149e06e2cb9db3dd584b2fa64316c96f10656983b8026a82e6e4db",
                "sha256:4c01835e718bcebe80394fd0ac66c07cbb90147ebbdad3dcecd3f25de2ae7e2c",
                "sha256:4ee6a571d1e4f0ea6d5f22d6e5fbd6ed1dc2b18542848e1e7301bd190500c9d7",
                "sha256:56209416e81a7893036eea03abcb91c130643eb14233b2515c90dcac963fe99d",
                "sha256:5e199c087e2aa71c8f9ce1cb7a8e10677dc12457e7cc1be4798632da37c3e86e",
                "sha256:62b2198c438058a20b6704351b35a1d7db881812d8512d67a69c9de1f18ca05f",
                "sha256:64c5825affc76942973a70acf438a8ab618dbd692b84cd5ec40a0a0509edc09a",
                "sha256:65611ecbb00ac9846efe04db15cbe6186f562f6bb7e5e05f077e53a599225d16",
                "sha256:6d34ed9db9e6395bb6cd33286035f73a59b058169733a9db9f85e650b88df37e",
                "sha256:6d9cd732068e8288dbe2717177320723ccec4fb064123f0caf9bbd90ab5be868",
                "sha256:6e274603039f924c0fe5cb73438fa9246699c78a6df1bd3decef9ae592ae1c05",
                "sha256:77b84453f3adcb994ddbd0d1c5d11db2d6bda1a2b7fd5ac5bd4649d6f5dc682e",
                "sha256:7c26b0b2bf58009ed1f38a641f3db4be8d960a417ca96d14e5b06df1506d41ff",
                "sha256:7fd09cc5d65bda1e79432859c40978010622112e9194e581e3415a3eccc7f43f",
                "sha256:817e719a868f0dacde4abdfc5c1910b301877970195db9ab6a5e2c4bd5b121f7",
                "sha256:81b3a59793523e552c4a96109dde028aa4448ae06ccac5a76ff6532a85558a7f",
                "sha256:81c3e6d8c97295a7360d367f9f8553973651b76907988bb6066376bc2252f24e",
                "sha256:838f045478638b26c375ee96ea89464d38428c69170360b23a1a50fa4baa3562",
                "sha256:84f01a4d18b2cc4ade1814a08e5f3c907b079c847051d720fad15ce37aa930b6",
                "sha256:85597b2d25ddf655495e2363fe044b0ae999b75bc4d630dc0d886484b03a5eb0",
                "sha256:85d9fb2d8cd998c84d13a79a09cc0c1091648e848e4e6249b0ccd7f6b487fa26",
                "sha256:85e071da78d92a214212cacea81c6da557cab307f2c34b5f85b628e94803f9c0",
                "sha256:863e3b5f4d9915aaf1b8ec79ae560ad21f0b8d5e3adc31e73126491bb86dee1d",
                "sha256:86966db35c4040fdca64f0816a1c1dd8dbd027d90fca5a57e00e1ca4cd41b879",
                "sha256:8ab1c5f5ee40d6e01cbe96de5863e39b215a4d24e7d007cad56c7184fdf4aeef",
                "sha256:8b5a9a39c45d852b62693d9b3f3e0fe052541f804296ff401a72a1b60edafb29",
                "sha256:8dc20bde86802df2ed8397a08d793da0ad7a5fd4ea3ac85d757bf5dd4ad7c252",
                "sha256:957e92defe6c08211eb77902253b14fe5b480ebc5112bc741fd5e9cd0608f847",
                "sha256:962064de37b9aef801d33bc579690f8bfe6c5e70e29b61783f60bcba838a14d6",
                "sha256:985f1e46358f06c2a09921e8921e2c98168ed4ae12ccd6e5e87a4f1857923f32",
                "sha256:9984bd645a8db6ca15d850ff996856d8762c51a2239225288f08f9050ca240a0",
                "sha256:9cb177bc55b010b19798dc5497d540dea67fd13a8d9e882b2dae71de0cf09eb3",
                "sha256:9d729d60f8d53a7361707f4b68a9663c968882dd4f09e0d58c044c8bf5faee7b",
                "sha256:a13fc473b6db0be619e45f11f9e81260f7302f8d180c49a22b6e6120022596b3",
                "sha256:a49d797192a8d950ca59ee2d0337a4d804f713bb5c3c50e8db26d49666e351dc",
                "sha256:a700a4031bc0fd6936e78a752eefb79092cecad2599ea9c8039c548bc097f9bc",
                "sha256:a7b2f9a18b5ff9824a6af80de4f37f4ec3c2aab05ef08f51c77a093f5b89adda",
                "sha256:a7d018bfedb375a8d979ac758b120ba846a7fe764911a64465fd87b8729f4a6a",
                "sha256:b6c231c9c2fadbae4011ca5e7e83e12dc4a5072f1a1d85a0a7b3ed754d145a40",
                "sha256:bafa7d87d4c99752d07815ed7a2c0964f8ab311eb8168f41b910bd01d15b6032",
                "sha256:bd0c630cf256b0a7fd9d0a11c9413b42fef5101219ce6ed5a09624f5a65392c7",
                "sha256:c090d4860032b857d94144d1a9976b8e36709e40386db289aaf6672de2a81966",
                "sha256:c2f91f496a87235c6aaf6d3f3d89b17dba64996abadccb289f48456cff931ca9",
                "sha256:d149aee5c72176d9ddbc6803aef9c0f6d2ceeea7626574fc68518da5476fa346",
                "sha256:d5e081bc082825f8b139f9e9fe42942cb4054524598aaeb177ff476cc76d09d2",
                "sha256:d7315ed1dab0286adca467377c8381cd748f3dc92235f22a7dfc42745644a96a",
                "sha256:dabc42f9c6577bcc13001b8810d300fe814b4cfbe8a92c873f269484594f9786",
                "sha256:e1708fac43ef8b419c975926ce1eaf793b0c13b7356cfab6ab0dc34c0a02ac0f",
                "sha256:e73d63fd04e3a9d6bc187f5455d81abfad05660b212c8804bf3b407e984cd2bc",
                "sha256:e78aecd2800b32e8347ce49316d3eaf04aed849cd5b38e0af39f829a4e59f5eb",
                "sha256:e8370eb6925bb8c1c4264fec52b0384b44f675f191df91cbe0140ec9f0955646",
                "sha256:ecb63014bb7f4ce653f8be7f1df8cbc6093a5a2811211770f6606cc92b5a78fd",
                "sha256:ed759bf7a70342f7817d88376eb7142fab9fef8320d6019ef87fae05a99874e1",
                "sha256:ef1b5a3e808bc40827b5fa2c8196151a4c5abe110e1726949d7abddfe5c7ae11",
                "sha256:f77e5b3d3da652b474cc80a14084927a5e86a5eccf54ca8ca5cbd697bf7f2667",
                "sha256:faba246fb30ea2a526c2e9645f61612341de1a83fb1e0c5edf4ddda5a9c10996",
                "sha256:fc8a63918b04b8571789688b2780ab2b4a33ab44bfe8ccea36d3eba51228c953",
                "sha256:fdebe771ca06bb8d6abce84e51dca9f7921fe6ad34a0c914541b063e9a68928b",
                "sha256:fea80f4f4cf83b54c3a051f2f727870ee51e22f0248d3114b8e755d160b38cfb"
            ],
            "markers": "python_version >= '3.12'",
            "version": "==2.3.4"
        },
        "pandas": {
            "hashes": [
                "sha256:0242fe9a49aa8b4d78a4fa03acb397a58833ef6199e9aa40a95f027bb3a1b6e7",
                "sha256:1611aedd912e1ff81ff41c745822980c49ce4a7907537be8692c8dbc31924593",
                "sha256:1b07204a219b3b7350abaae088f451860223a52cfb8a6c53358e7948735158e5",
                "sha256:1d37b5848ba49824e5c30bedb9c830ab9b7751fd049bc7914533e01c65f79791",
                "sha256:23ebd657a4d38268c7dfbdf089fbc31ea709d82e4923c5ffd4fbd5747133ce73",
                "sha256:2462b1a365b6109d275250baaae7b760fd25c726aaca0054649286bcfbb3e8ec",
                "sha256:28083c648d9a99a5dd035ec125d42439c6c1c525098c58af0fc38dd1a7a1b3d4",
                "sha256:2e3ebdb170b5ef78f19bfb71b0dc5dc58775032361fa188e814959b74d726dd5",
                "sha256:318d77e0e42a628c04dc56bcef4b40de67918f7041c2b061af1da41dcff670ac",
                "sha256:371a4ab48e950033bcf52b6527eccb564f52dc826c02afd9a1bc0ab731bba084",
                "sha256:376c6446ae31770764215a6c937f72d917f214b43560603cd60da6408f183b6c",
                "sha256:3869faf4bd07b3b66a9f462417d0ca3a9df29a9f6abd5d0d0dbab15dac7abe87",
                "sha256:3fd2f887589c7aa868e02632612ba39acb0b8948faf5cc58f0850e165bd46f35",
                "sha256:4793891684806ae50d1288c9bae9330293ab4e083ccd1c5e383c34549c6e4250",
                "sha256:4e0a175408804d566144e170d0476b15d78458795bb18f1304fb94160cabf40c",
                "sha256:503cf027cf9940d2ceaa1a93cfb5f8c8c7e6e90720a2850378f0b3f3b1e06826",
                "sha256:5554c929ccc317d41a5e3d1234f3be588248e61f08a74dd17c9eabb535777dc9",
                "sha256:56851a737e3470de7fa88e6131f41281ed440d29a9268dcbf0002da5ac366713",
                "sha256:5caf26f64126b6c7aec964f74266f435afef1c1b13da3b0636c7518a1fa3e2b1",
                "sha256:602b8615ebcc4a0c1751e71840428ddebeb142ec02c786e8ad6b1ce3c8dec523",
                "sha256:6253c72c6a1d990a410bc7de641d34053364ef8bcd3126f7e7450125887dffe3",
                "sha256:6435cb949cb34ec11cc9860246ccb2fdc9ecd742c12d3304989017d53f039a78",
                "sha256:6d21f6d74eb1725c2efaa71a2bfc661a0689579b58e9c0ca58a739ff0b002b53",
                "sha256:6d2cefc361461662ac48810cb14365a365ce864afe85ef1f447ff5a1e99ea81c",
                "sha256:74ecdf1d301e812db96a465a525952f4dde225fdb6d8e5a521d47e1f42041e21",
                "sha256:75ea25f9529fdec2d2e93a42c523962261e567d250b0013b16210e1d40d7c2e5",
                "sha256:854d00d556406bffe66a4c0802f334c9ad5a96b4f1f868adf036a21b11ef13ff",
                "sha256:8fe25fc7b623b0ef6b5009149627e34d2a4657e880948ec3c840e9402e5c1b45",
                "sha256:900f47d8f20860de523a1ac881c4c36d65efcb2eb850e6948140fa781736e110",
                "sha256:93c2d9ab0fc11822b5eece72ec9587e172f63cff87c00b062f6e37448ced4493",
                "sha256:a16dcec078a01eeef8ee61bf64074b4e524a2a3f4b3be9326420cabe59c4778b",
                "sha256:a21d830e78df0a515db2b3d2f5570610f5e6bd2e27749770e8bb7b524b89b450",
                "sha256:a45c765238e2ed7d7c608fc5bc4a6f88b642f2f01e70c0c23d2224dd21829d86",
                "sha256:a637c5cdfa04b6d6e2ecedcb81fc52ffb0fd78ce2ebccc9ea964df9f658de8c8",
                "sha256:a68e15f780eddf2b07d242e17a04aa187a7ee12b40b930bfdd78070556550e98",
                "sha256:b3d11d2fda7eb164ef27ffc14b4fcab16a80e1ce67e9f57e19ec0afaf715ba89",
                "sha256:b468d3dad6ff947df92dcb32ede5b7bd41a9b3cceef0a30ed925f6d01fb8fa66",
                "sha256:b98560e98cb334799c0b07ca7967ac361a47326e9b4e5a7dfb5ab2b1c9d35a1b",
                "sha256:bdcd9d1167f4885211e401b3036c0c8d9e274eee67ea8d0758a256d60704cfe8",
                "sha256:bf1f8a81d04ca90e32a0aceb819d34dbd378a98bf923b6398b9a3ec0bf44de29",
                "sha256:c46467899aaa4da076d5abc11084634e2d197e9460643dd455ac3db5856b24d6",
                "sha256:c4fc4c21971a1a9f4bdb4c73978c7f7256caa3e62b323f70d6cb80db583350bc",
                "sha256:c503ba5216814e295f40711470446bc3fd00f0faea8a086cbc688808e26f92a2",
                "sha256:d051c0e065b94b7a3cea50eb1ec32e912cd96dba41647eb24104b6c6c14c5788",
                "sha256:d3e28b3e83862ccf4d85ff19cf8c20b2ae7e503881711ff2d534dc8f761131aa",
                "sha256:db4301b2d1f926ae677a751eb2bd0e8c5f5319c9cb3f88b0becbbb0b07b34151",
                "sha256:dd7478f1463441ae4ca7308a70e90b33470fa593429f9d4c578dd00d1fa78838",
                "sha256:e05e1af93b977f7eafa636d043f9f94c7ee3ac81af99c13508215942e64c993b",
                "sha256:e19d192383eab2f4ceb30b412b22ea30690c9e618f78870357ae1d682912015a",
                "sha256:e32e7cc9af0f1cc15548288a51a3b681cc2a219faa838e995f7dc53dbab1062d",
                "sha256:ecaf1e12bdc03c86ad4a7ea848d66c685cb6851d807a26aa245ca3d2017a1908",
                "sha256:ee15f284898e7b246df8087fc82b87b01686f98ee67d85a17b7ab44143a3a9a0",
                "sha256:ee67acbbf05014ea6c763beb097e03cd629961c8a632075eeb34247120abcb4b",
                "sha256:f086f6fe114e19d92014a1966f43a3e62285109afe874f067f5abbdcbb10e59c",
                "sha256:f8bfc0e12dc78f777f323f55c58649591b2cd0c43534e8355c51d3fede5f4dee"
            ],
            "index": "pypi",
            "markers": "python_version >= '3.9'",
            "version": "==2.3.3"
        },
        "pycurl": {
            "hashes": [
                "sha256:00824c3c64d5e935d0325e6a000bb0242622cd763d1e202c1a8df455bc58da58",
                "sha256:0263e94d2ea3cd25b5fcf96527f521dc29b8a73a9b19e71223b6e2452f5cb35a",
                "sha256:09ac9a855273a77f7c6a72f05be430646c47a298d403a75876c2188ea5d77534",
                "sha256:09e426cf5e61e5b37c30903734204f75023baa6e4bfe574e037f12e53ec3f0ba",
                "sha256:0bcfeaf766372ec40e3830d4ad6ebc3064e8a0bd145214d4291d17ed6017f3e3",
                "sha256:150b1d2e98bcf760878b3891e6f2f937a4b2a90c559ffc6add65aeb5844bc66a",
                "sha256:2101c343f425545d8329004971d3549a1c553fb2b027c23ddfffebdd7b3fb309",
                "sha256:255cd5510bf6dc82bf00e08711e3d8f0ed317ef5fa2f70d70d15192bdfe48593",
                "sha256:26fcc5b982fdc7c49ab9dd84910e986ef2631f1b57e02ecefd5393366f7acbe6",
                "sha256:38492a48bd51252b70d6008b2f38a62b8ddb55ed7d4c905717eca290c94ef125",
                "sha256:3d19b4a94c2e20976cbc7773e5398bae19e3bc65a0894fcd01d8477bfc5fdb2f",
                "sha256:3d9d718c366983bc65b149f0947f016929b4001f604f2523e6de5a49907f4474",
                "sha256:3ff1afa5e0a0cb6d64703c476a106474bec335958d6d445b02a6be3da4c4acfb",
                "sha256:40c83986431e9e685d04f2a0c12efafbf7decfc358b3421aeaecec97458d9663",
                "sha256:435f140afa59eb0cece57e6364348977af768add452d49a8547a26fc90dc2bfa",
                "sha256:54cffa56a5ead14915f1f0d3e8fabf6fcea3056a8e5f971fc1caebb9715bd9b1",
                "sha256:5e39d6503d5a62dcd73f5de40042b20111f829fea0057fed95f38f06f367b14c",
                "sha256:5ed0cab4e05558ba112111585ae2a85627ab48d6185547fc4ba8ec8e2cfecd0d",
                "sha256:5fa5afd86d86e156051c7d7d6de34f6c03a7a64e4794ac0d72379bee8fcafafd",
                "sha256:614eff94e9ef4b90540fdcc6d520fcf5f9b7560e8a1cdd5e8a3644f12cefbc74",
                "sha256:6157ac0daf30ffc28446c54ebbd073c8c11b45cba9c45256619e218a07a31312",
                "sha256:69f16d6709f3305da1043ee9edb5e1715212b75011779d58c4bd8fc9ad9fc88a",
                "sha256:752a5bbbd1b148b61d69be718e2c1c89a1b16de27a21e6382d28c8d2a33e9bf1",
                "sha256:788df7ab964f03894c616e742e088f1bf209a54465f61541ba77901a9e1cd701",
                "sha256:824a785d01500da47fe6935dbadc4b0a14577405c25d01327a94717578dd2b1d",
                "sha256:83c217e0c7aea28bbd9512e27fb6f9ef9b9f398dff57ebe223ecaa043bcd08fa",
                "sha256:87140865a8661cedcd2d057e43ddc3a7c6b2c5919e0f47a0aff111d125733951",
                "sha256:8d39cc233c7c3303072758b088ad7ccde0a5dcb30ce752f2f8a31428a07faac1",
                "sha256:8eab3a83670d83966c7a0df4fa02cf2272499966066bfaa810444c427cb653b0",
                "sha256:94a3c02381b62b2f0498f4ea3a3bd8b96ae2a6a905fcfd198547805894793a5b",
                "sha256:9903eabe2578143487d2387947d28323e12df49e142ffb0e3b5709fc6c942c47",
                "sha256:998335e6b69691c097e3a74214901c71773e0a7a8d3d0cc87c60d6969eb8b584",
                "sha256:9d43013002eab2fd6d0dcc671cd1e9149e2fc1c56d5e796fad94d076d6cb69ef",
                "sha256:bdb72c53445b1c09315940c81a14a3635dfde6710aea703976ce9617209830e7",
                "sha256:bfe49668ba0a7fba183cf0e189bb8da515793da8f383d8d157ac8647143dc516",
                "sha256:c21c3262244f7b2af27636bc1052cb861a70df933b8bc188a7fb8fe3c895b608",
                "sha256:cd69340f5a49d6e4f67723db6ea4459c554d2210c3dd4da99950d6d405ddafb4",
                "sha256:d5d7bc6e01d74548e93d5b9b3e38c3a91b6f54a36f2fe13407cac035b57f0c1f",
                "sha256:e79f90c0af413933dedc79a1717f49076f08b32ff4a42776d6c38ba37125717e",
                "sha256:f17264adc95a7f92a148d17c55eee885da640cbd98cf9169e643029d79bb18c7",
                "sha256:f463a7f7c12b322b4f72af908f863b4da1f71dae344dd75f50d30c33ff0f197a",
                "sha256:fb97f8f3f7754a5a00da450248de79d83e34938db04486efd26db81526dc25b4",
                "sha256:ff50a3d787c3d059f330d7cb7325b40416bcb0f43f5006b396a6e61871df0ebf"
            ],
            "index": "pypi",
            "markers": "python_version >= '3.5'",
            "version": "==7.45.7"
        },
        "python-dateutil": {
            "hashes": [
                "sha256:37dd54208da7e1cd875388217d5e00ebd4179249f90fb72437e91a35459a0ad3",
                "sha256:a8b2bc7bffae282281c8140a97d3aa9c14da0b136dfe83f850eea9a5f7470427"
            ],
            "markers": "python_version >= '2.7' and python_version not in '3.0, 3.1, 3.2, 3.3'",
            "version": "==2.9.0.post0"
        },
        "pytz": {
            "hashes": [
                "sha256:360b9e3dbb49a209c21ad61809c7fb453643e048b38924c765813546746e81c3",
                "sha256:5ddf76296dd8c44c26eb8f4b6f35488f3ccbf6fbbd7adee0b7262d43f0ec2f00"
            ],
            "version": "==2025.2"
        },
        "six": {
            "hashes": [
                "sha256:4721f391ed90541fddacab5acf947aa0d3dc7d27b2e1e8eda2be8970586c3274",
                "sha256:ff70335d468e7eb6ec65b95b99d3a2836546063f63acc5171de367e834932a81"
            ],
            "markers": "python_version >= '2.7' and python_version not in '3.0, 3.1, 3.2, 3.3'",
            "version": "==1.17.0"
        },
        "tzdata": {
            "hashes": [
                "sha256:1a403fada01ff9221ca8044d701868fa132215d84beb92242d9acd2147f667a8",
                "sha256:b60a638fcc0daffadf82fe0f57e53d06bdec2f36c4df66280ae79bce6bd6f2b9"
            ],
            "markers": "python_version >= '2'",
            "version": "==2025.2"
        }
    },
    "develop": {}
}
