{
    "_meta": {
        "hash": {
            "sha256": "50b9563fc71d3867b2a04d56e032b287a7c8d109a7c300758110274ea82816ea"
        },
        "pipfile-spec": 6,
        "requires": {
            "python_version": "3.13"
        },
        "sources": [
            {
                "name": "pypi",
                "url": "https://pypi.org/simple",
                "verify_ssl": true
            }
        ]
    },
    "default": {
        "certifi": {
            "hashes": [
                "sha256:0a816057ea3cdefcef70270d2c515e4506bbc954f417fa5ade2021213bb8f0c6",
                "sha256:30350364dfe371162649852c63336a15c70c6510c2ad5015b21c2345311805f3"
            ],
            "index": "pypi",
            "markers": "python_version >= '3.6'",
            "version": "==2025.4.26"
        },
        "pycurl": {
            "hashes": [
                "sha256:0cd6b7794268c17f3c660162ed6381769ce0ad260331ef49191418dfc3a2d61a",
                "sha256:1309fc0f558a80ca444a3a5b0bdb1572a4d72b195233f0e65413b4d4dd78809b",
                "sha256:26839d43dc7fff6b80e0067f185cc1d0e9be2ae6e2e2361ae8488cead5901c04",
                "sha256:2a21e13278d7553a04b421676c458449f6c10509bebf04993f35154b06ee2b20",
                "sha256:2b73e66b22719ea48ac08a93fc88e57ef36d46d03cb09d972063c9aa86bb74e6",
                "sha256:2d1a49418b8b4c61f52e06d97b9c16142b425077bd997a123a2ba9ef82553203",
                "sha256:334721ce1ccd71ff8e405470768b3d221b4393570ccc493fcbdbef4cd62e91ed",
                "sha256:3441ee77e830267aa6e2bb43b29fd5f8a6bd6122010c76a6f0bf84462e9ea9c7",
                "sha256:357ea634395310085b9d5116226ac5ec218a6ceebf367c2451ebc8d63a6e9939",
                "sha256:361bf94b2a057c7290f9ab84e935793ca515121fc012f4b6bef6c3b5e4ea4397",
                "sha256:3fc0b505c37c7c54d88ced27e1d9e3241130987c24bf1611d9bbd9a3e499e07c",
                "sha256:56d1197eadd5774582b259cde4364357da71542758d8e917f91cc6ed7ed5b262",
                "sha256:56f841b6f2f7a8b2d3051b9ceebd478599dbea3c8d1de8fb9333c895d0c1eea5",
                "sha256:6f57ad26d6ab390391ad5030790e3f1a831c1ee54ad3bf969eb378f5957eeb0a",
                "sha256:7c09b7180799af70fc1d4eed580cfb1b9f34fda9081f73a3e3bc9a0e5a4c0e9b",
                "sha256:81005c0f681d31d5af694d1d3c18bbf1bed0bc8b2bb10fb7388cb1378ba9bd6a",
                "sha256:878ae64484db18f8f10ba99bffc83fefb4fe8f5686448754f93ec32fa4e4ee93",
                "sha256:8a99e56d2575aa74c48c0cd08852a65d5fc952798f76a34236256d5589bf5aa0",
                "sha256:942b352b69184cb26920db48e0c5cb95af39874b57dbe27318e60f1e68564e37",
                "sha256:9f721e3394e5bd7079802ec1819b19c5be4842012268cc45afcb3884efb31cf0",
                "sha256:a554a2813d415a7bb9a996a6298f3829f57e987635dcab9f1197b2dccd0ab3b2",
                "sha256:a721c2696a71b1aa5ecf82e6d0ade64bc7211b7317f1c9c66e82f82e2264d8b4",
                "sha256:abe1b204a2f96f2eebeaf93411f03505b46d151ef6d9d89326e6dece7b3a008a",
                "sha256:ae893144b82d72d95c932ebdeb81fc7e9fde758e5ecd5dd10ad5b67f34a8b8ee",
                "sha256:bb9eff0c7794af972da769a887c87729f1bcd8869297b1c01a2732febbb75876",
                "sha256:c04230b9e9cfdca9cf3eb09a0bec6cf2f084640f1f1ca1929cca51411af85de2",
                "sha256:c31b390f1e2cd4525828f1bb78c1f825c0aab5d1588228ed71b22c4784bdb593",
                "sha256:c6fd295f03c928da33a00f56c91765195155d2ac6f12878f6e467830b5dce5f5",
                "sha256:c872d4074360964697c39c1544fe8c91bfecbff27c1cdda1fee5498e5fdadcda",
                "sha256:d0b5501d527901369aba307354530050f56cd102410f2a3bacd192dc12c645e3",
                "sha256:f0198ebcda8686b3a0c66d490a687fa5fd466f8ecc2f20a0ed0931579538ae3d"
            ],
            "index": "pypi",
            "markers": "python_version >= '3.5'",
            "version": "==7.45.6"
        }
    },
    "develop": {}
}
